# This file is automatically @generated by Cargo.
# It is not intended for manual editing.
version = 4

[[package]]
name = "arves-acs"
version = "0.0.0"

[[package]]
name = "arves-bridge"
version = "0.0.0"
dependencies = [
 "arves-acs",
 "arves-capability-fabric",
 "arves-engine-fabric",
 "arves-kernel",
 "arves-persistence",
]

[[package]]
name = "arves-capability-fabric"
version = "0.0.0"

[[package]]
name = "arves-conformance"
version = "0.0.0"
dependencies = [
 "arves-acs",
 "arves-kernel",
 "arves-persistence",
]

[[package]]
name = "arves-consensus"
version = "0.0.0"

[[package]]
name = "arves-control-plane"
version = "0.0.0"

[[package]]
name = "arves-engine-fabric"
version = "0.0.0"
dependencies = [
 "arves-acs",
]

[[package]]
name = "arves-execution"
version = "0.0.0"

[[package]]
name = "arves-information-platform"
version = "0.0.0"

[[package]]
name = "arves-invariants"
version = "0.0.0"

[[package]]
name = "arves-kernel"
version = "0.0.0"
dependencies = [
 "arves-persistence",
]

[[package]]
name = "arves-lcw"
version = "0.0.0"

[[package]]
name = "arves-ontology"
version = "0.0.0"

[[package]]
name = "arves-persistence"
version = "0.0.0"

[[package]]
name = "arves-query"
version = "0.0.0"

[[package]]
name = "arves-runtime"
version = "0.0.0"
dependencies = [
 "arves-kernel",
 "arves-persistence",
]
