# This file is automatically @generated by Cargo.
# It is not intended for manual editing.
version = 4

[[package]]
name = "arves-acs"
version = "0.0.0"

[[package]]
name = "arves-consensus"
version = "0.0.0"

[[package]]
name = "arves-industrial"
version = "0.0.0"
dependencies = [
 "arves-consensus",
 "arves-kernel",
 "arves-persistence",
]

[[package]]
name = "arves-kernel"
version = "0.0.0"
dependencies = [
 "arves-acs",
 "arves-consensus",
 "arves-persistence",
]

[[package]]
name = "arves-persistence"
version = "0.0.0"
